
Microsoft Visual Studio Solution File, Format Version 12.00
# Visual Studio Version 17
VisualStudioVersion = 17.11.35312.102
MinimumVisualStudioVersion = 10.0.40219.1
Project("{FAE04EC0-301F-11D3-BF4B-00C04F79EFBC}") = "Ab108Uniqlo", "Ab108Uniqlo.csproj", "{01AFC6FE-ADC2-472E-BCDF-C818B61CB6C5}"
EndProject
Global
	GlobalSection(SolutionConfigurationPlatforms) = preSolution
		Debug|Any CPU = Debug|Any CPU
		Release|Any CPU = Release|Any CPU
	EndGlobalSection
	GlobalSection(ProjectConfigurationPlatforms) = postSolution
		{01AFC6FE-ADC2-472E-BCDF-C818B61CB6C5}.Debug|Any CPU.ActiveCfg = Debug|Any CPU
		{01AFC6FE-ADC2-472E-BCDF-C818B61CB6C5}.Debug|Any CPU.Build.0 = Debug|Any CPU
		{01AFC6FE-ADC2-472E-BCDF-C818B61CB6C5}.Release|Any CPU.ActiveCfg = Release|Any CPU
		{01AFC6FE-ADC2-472E-BCDF-C818B61CB6C5}.Release|Any CPU.Build.0 = Release|Any CPU
	EndGlobalSection
	GlobalSection(SolutionProperties) = preSolution
		HideSolutionNode = FALSE
	EndGlobalSection
	GlobalSection(ExtensibilityGlobals) = postSolution
		SolutionGuid = {254B555B-EDAB-4B62-89BB-06A2A2690904}
	EndGlobalSection
EndGlobal
